
Microsoft Visual Studio Solution File, Format Version 12.00
# Visual Studio Version 17
VisualStudioVersion = 17.2.32516.85
MinimumVisualStudioVersion = 10.0.40219.1
Project("{FAE04EC0-301F-11D3-BF4B-00C04F79EFBC}") = "KMRC.Temperatura", "KMRC.Temperatura\KMRC.Temperatura.csproj", "{55BF9F18-21AF-4EDC-B4BE-CBC2827C80FD}"
EndProject
Global
	GlobalSection(SolutionConfigurationPlatforms) = preSolution
		Debug|Any CPU = Debug|Any CPU
		Release|Any CPU = Release|Any CPU
	EndGlobalSection
	GlobalSection(ProjectConfigurationPlatforms) = postSolution
		{55BF9F18-21AF-4EDC-B4BE-CBC2827C80FD}.Debug|Any CPU.ActiveCfg = Debug|Any CPU
		{55BF9F18-21AF-4EDC-B4BE-CBC2827C80FD}.Debug|Any CPU.Build.0 = Debug|Any CPU
		{55BF9F18-21AF-4EDC-B4BE-CBC2827C80FD}.Release|Any CPU.ActiveCfg = Release|Any CPU
		{55BF9F18-21AF-4EDC-B4BE-CBC2827C80FD}.Release|Any CPU.Build.0 = Release|Any CPU
	EndGlobalSection
	GlobalSection(SolutionProperties) = preSolution
		HideSolutionNode = FALSE
	EndGlobalSection
	GlobalSection(ExtensibilityGlobals) = postSolution
		SolutionGuid = {2CAC96B9-BC56-44A9-BD4B-D01D08DD1CDA}
	EndGlobalSection
EndGlobal
